
Microsoft Visual Studio Solution File, Format Version 12.00
# Visual Studio 15
VisualStudioVersion = 15.0.28307.902
MinimumVisualStudioVersion = 10.0.40219.1
Project("{8BC9CEB8-8B4A-11D0-8D11-00A0C91BC942}") = "DataStructures", "DataStructures\DataStructures.vcxproj", "{1D074B55-0F43-4416-B91A-CCB4F1AC0A66}"
EndProject
Project("{8BC9CEB8-8B4A-11D0-8D11-00A0C91BC942}") = "Stack", "Driver\Driver.vcxproj", "{0DBCAB20-80EA-4D97-BBF8-7B05D361EDAD}"
EndProject
Project("{8BC9CEB8-8B4A-11D0-8D11-00A0C91BC942}") = "Queues", "Queues\Queues.vcxproj", "{3F6E973F-D14F-43D6-B648-883D7A9B65E8}"
EndProject
Project("{8BC9CEB8-8B4A-11D0-8D11-00A0C91BC942}") = "ListADT", "ListADT\ListADT.vcxproj", "{FADBAF40-8703-4446-9C23-021A1CC5108C}"
EndProject
Project("{8BC9CEB8-8B4A-11D0-8D11-00A0C91BC942}") = "CircularLinked", "CircularLinked\CircularLinked.vcxproj", "{95A73383-F339-4666-86D0-C3F4195C8EE7}"
EndProject
Global
	GlobalSection(SolutionConfigurationPlatforms) = preSolution
		Debug|x64 = Debug|x64
		Debug|x86 = Debug|x86
		Release|x64 = Release|x64
		Release|x86 = Release|x86
	EndGlobalSection
	GlobalSection(ProjectConfigurationPlatforms) = postSolution
		{1D074B55-0F43-4416-B91A-CCB4F1AC0A66}.Debug|x64.ActiveCfg = Debug|x64
		{1D074B55-0F43-4416-B91A-CCB4F1AC0A66}.Debug|x64.Build.0 = Debug|x64
		{1D074B55-0F43-4416-B91A-CCB4F1AC0A66}.Debug|x86.ActiveCfg = Debug|Win32
		{1D074B55-0F43-4416-B91A-CCB4F1AC0A66}.Debug|x86.Build.0 = Debug|Win32
		{1D074B55-0F43-4416-B91A-CCB4F1AC0A66}.Release|x64.ActiveCfg = Release|x64
		{1D074B55-0F43-4416-B91A-CCB4F1AC0A66}.Release|x64.Build.0 = Release|x64
		{1D074B55-0F43-4416-B91A-CCB4F1AC0A66}.Release|x86.ActiveCfg = Release|Win32
		{1D074B55-0F43-4416-B91A-CCB4F1AC0A66}.Release|x86.Build.0 = Release|Win32
		{0DBCAB20-80EA-4D97-BBF8-7B05D361EDAD}.Debug|x64.ActiveCfg = Debug|x64
		{0DBCAB20-80EA-4D97-BBF8-7B05D361EDAD}.Debug|x64.Build.0 = Debug|x64
		{0DBCAB20-80EA-4D97-BBF8-7B05D361EDAD}.Debug|x86.ActiveCfg = Debug|Win32
		{0DBCAB20-80EA-4D97-BBF8-7B05D361EDAD}.Debug|x86.Build.0 = Debug|Win32
		{0DBCAB20-80EA-4D97-BBF8-7B05D361EDAD}.Release|x64.ActiveCfg = Release|x64
		{0DBCAB20-80EA-4D97-BBF8-7B05D361EDAD}.Release|x64.Build.0 = Release|x64
		{0DBCAB20-80EA-4D97-BBF8-7B05D361EDAD}.Release|x86.ActiveCfg = Release|Win32
		{0DBCAB20-80EA-4D97-BBF8-7B05D361EDAD}.Release|x86.Build.0 = Release|Win32
		{3F6E973F-D14F-43D6-B648-883D7A9B65E8}.Debug|x64.ActiveCfg = Debug|x64
		{3F6E973F-D14F-43D6-B648-883D7A9B65E8}.Debug|x64.Build.0 = Debug|x64
		{3F6E973F-D14F-43D6-B648-883D7A9B65E8}.Debug|x86.ActiveCfg = Debug|Win32
		{3F6E973F-D14F-43D6-B648-883D7A9B65E8}.Debug|x86.Build.0 = Debug|Win32
		{3F6E973F-D14F-43D6-B648-883D7A9B65E8}.Release|x64.ActiveCfg = Release|x64
		{3F6E973F-D14F-43D6-B648-883D7A9B65E8}.Release|x64.Build.0 = Release|x64
		{3F6E973F-D14F-43D6-B648-883D7A9B65E8}.Release|x86.ActiveCfg = Release|Win32
		{3F6E973F-D14F-43D6-B648-883D7A9B65E8}.Release|x86.Build.0 = Release|Win32
		{FADBAF40-8703-4446-9C23-021A1CC5108C}.Debug|x64.ActiveCfg = Debug|x64
		{FADBAF40-8703-4446-9C23-021A1CC5108C}.Debug|x64.Build.0 = Debug|x64
		{FADBAF40-8703-4446-9C23-021A1CC5108C}.Debug|x86.ActiveCfg = Debug|Win32
		{FADBAF40-8703-4446-9C23-021A1CC5108C}.Debug|x86.Build.0 = Debug|Win32
		{FADBAF40-8703-4446-9C23-021A1CC5108C}.Release|x64.ActiveCfg = Release|x64
		{FADBAF40-8703-4446-9C23-021A1CC5108C}.Release|x64.Build.0 = Release|x64
		{FADBAF40-8703-4446-9C23-021A1CC5108C}.Release|x86.ActiveCfg = Release|Win32
		{FADBAF40-8703-4446-9C23-021A1CC5108C}.Release|x86.Build.0 = Release|Win32
		{95A73383-F339-4666-86D0-C3F4195C8EE7}.Debug|x64.ActiveCfg = Debug|x64
		{95A73383-F339-4666-86D0-C3F4195C8EE7}.Debug|x64.Build.0 = Debug|x64
		{95A73383-F339-4666-86D0-C3F4195C8EE7}.Debug|x86.ActiveCfg = Debug|Win32
		{95A73383-F339-4666-86D0-C3F4195C8EE7}.Debug|x86.Build.0 = Debug|Win32
		{95A73383-F339-4666-86D0-C3F4195C8EE7}.Release|x64.ActiveCfg = Release|x64
		{95A73383-F339-4666-86D0-C3F4195C8EE7}.Release|x64.Build.0 = Release|x64
		{95A73383-F339-4666-86D0-C3F4195C8EE7}.Release|x86.ActiveCfg = Release|Win32
		{95A73383-F339-4666-86D0-C3F4195C8EE7}.Release|x86.Build.0 = Release|Win32
	EndGlobalSection
	GlobalSection(SolutionProperties) = preSolution
		HideSolutionNode = FALSE
	EndGlobalSection
	GlobalSection(ExtensibilityGlobals) = postSolution
		SolutionGuid = {68B81480-3199-4F3D-8902-0FE82725BA40}
	EndGlobalSection
EndGlobal
